// !$*UTF8*$!
{
	archiveVersion = 1;
	classes = {
	};
	objectVersion = 50;
	objects = {

/* Begin PBXBuildFile section */
		B9A6CB6825F51ADB0026D62D /* myAppApp.swift in Sources */ = {isa = PBXBuildFile; fileRef = B9A6CB6725F51ADB0026D62D /* myAppApp.swift */; };
		B9A6CB6A25F51ADB0026D62D /* ContentView.swift in Sources */ = {isa = PBXBuildFile; fileRef = B9A6CB6925F51ADB0026D62D /* ContentView.swift */; };
		B9A6CB6C25F51ADD0026D62D /* Assets.xcassets in Resources */ = {isa = PBXBuildFile; fileRef = B9A6CB6B25F51ADD0026D62D /* Assets.xcassets */; };
		B9A6CB6F25F51ADD0026D62D /* Preview Assets.xcassets in Resources */ = {isa = PBXBuildFile; fileRef = B9A6CB6E25F51ADD0026D62D /* Preview Assets.xcassets */; };
		B9A6CB7A25F51ADD0026D62D /* myAppTests.swift in Sources */ = {isa = PBXBuildFile; fileRef = B9A6CB7925F51ADD0026D62D /* myAppTests.swift */; };
		B9A6CB8525F51ADD0026D62D /* myAppUITests.swift in Sources */ = {isa = PBXBuildFile; fileRef = B9A6CB8425F51ADD0026D62D /* myAppUITests.swift */; };
/* End PBXBuildFile section */

/* Begin PBXContainerItemProxy section */
		B9A6CB7625F51ADD0026D62D /* PBXContainerItemProxy */ = {
			isa = PBXContainerItemProxy;
			containerPortal = B9A6CB5C25F51ADB0026D62D /* Project object */;
			proxyType = 1;
			remoteGlobalIDString = B9A6CB6325F51ADB0026D62D;
			remoteInfo = myApp;
		};
		B9A6CB8125F51ADD0026D62D /* PBXContainerItemProxy */ = {
			isa = PBXContainerItemProxy;
			containerPortal = B9A6CB5C25F51ADB0026D62D /* Project object */;
			proxyType = 1;
			remoteGlobalIDString = B9A6CB6325F51ADB0026D62D;
			remoteInfo = myApp;
		};
/* End PBXContainerItemProxy section */

/* Begin PBXFileReference section */
		B9A6CB6425F51ADB0026D62D /* myApp.app */ = {isa = PBXFileReference; explicitFileType = wrapper.application; includeInIndex = 0; path = myApp.app; sourceTree = BUILT_PRODUCTS_DIR; };
		B9A6CB6725F51ADB0026D62D /* myAppApp.swift */ = {isa = PBXFileReference; lastKnownFileType = sourcecode.swift; path = myAppApp.swift; sourceTree = "<group>"; };
		B9A6CB6925F51ADB0026D62D /* ContentView.swift */ = {isa = PBXFileReference; lastKnownFileType = sourcecode.swift; path = ContentView.swift; sourceTree = "<group>"; };
		B9A6CB6B25F51ADD0026D62D /* Assets.xcassets */ = {isa = PBXFileReference; lastKnownFileType = folder.assetcatalog; path = Assets.xcassets; sourceTree = "<group>"; };
		B9A6CB6E25F51ADD0026D62D /* Preview Assets.xcassets */ = {isa = PBXFileReference; lastKnownFileType = folder.assetcatalog; path = "Preview Assets.xcassets"; sourceTree = "<group>"; };
		B9A6CB7025F51ADD0026D62D /* Info.plist */ = {isa = PBXFileReference; lastKnownFileType = text.plist.xml; path = Info.plist; sourceTree = "<group>"; };
		B9A6CB7525F51ADD0026D62D /* myAppTests.xctest */ = {isa = PBXFileReference; explicitFileType = wrapper.cfbundle; includeInIndex = 0; path = myAppTests.xctest; sourceTree = BUILT_PRODUCTS_DIR; };
		B9A6CB7925F51ADD0026D62D /* myAppTests.swift */ = {isa = PBXFileReference; lastKnownFileType = sourcecode.swift; path = myAppTests.swift; sourceTree = "<group>"; };
		B9A6CB7B25F51ADD0026D62D /* Info.plist */ = {isa = PBXFileReference; lastKnownFileType = text.plist.xml; path = Info.plist; sourceTree = "<group>"; };
		B9A6CB8025F51ADD0026D62D /* myAppUITests.xctest */ = {isa = PBXFileReference; explicitFileType = wrapper.cfbundle; includeInIndex = 0; path = myAppUITests.xctest; sourceTree = BUILT_PRODUCTS_DIR; };
		B9A6CB8425F51ADD0026D62D /* myAppUITests.swift */ = {isa = PBXFileReference; lastKnownFileType = sourcecode.swift; path = myAppUITests.swift; sourceTree = "<group>"; };
		B9A6CB8625F51ADD0026D62D /* Info.plist */ = {isa = PBXFileReference; lastKnownFileType = text.plist.xml; path = Info.plist; sourceTree = "<group>"; };
/* End PBXFileReference section */

/* Begin PBXFrameworksBuildPhase section */
		B9A6CB6125F51ADB0026D62D /* Frameworks */ = {
			isa = PBXFrameworksBuildPhase;
			buildActionMask = 2147483647;
			files = (
			);
			runOnlyForDeploymentPostprocessing = 0;
		};
		B9A6CB7225F51ADD0026D62D /* Frameworks */ = {
			isa = PBXFrameworksBuildPhase;
			buildActionMask = 2147483647;
			files = (
			);
			runOnlyForDeploymentPostprocessing = 0;
		};
		B9A6CB7D25F51ADD0026D62D /* Frameworks */ = {
			isa = PBXFrameworksBuildPhase;
			buildActionMask = 2147483647;
			files = (
			);
			runOnlyForDeploymentPostprocessing = 0;
		};
/* End PBXFrameworksBuildPhase section */

/* Begin PBXGroup section */
		B9A6CB5B25F51ADB0026D62D = {
			isa = PBXGroup;
			children = (
				B9A6CB6625F51ADB0026D62D /* myApp */,
				B9A6CB7825F51ADD0026D62D /* myAppTests */,
				B9A6CB8325F51ADD0026D62D /* myAppUITests */,
				B9A6CB6525F51ADB0026D62D /* Products */,
			);
			sourceTree = "<group>";
		};
		B9A6CB6525F51ADB0026D62D /* Products */ = {
			isa = PBXGroup;
			children = (
				B9A6CB6425F51ADB0026D62D /* myApp.app */,
				B9A6CB7525F51ADD0026D62D /* myAppTests.xctest */,
				B9A6CB8025F51ADD0026D62D /* myAppUITests.xctest */,
			);
			name = Products;
			sourceTree = "<group>";
		};
		B9A6CB6625F51ADB0026D62D /* myApp */ = {
			isa = PBXGroup;
			children = (
				B9A6CB6725F51ADB0026D62D /* myAppApp.swift */,
				B9A6CB6925F51ADB0026D62D /* ContentView.swift */,
				B9A6CB6B25F51ADD0026D62D /* Assets.xcassets */,
				B9A6CB7025F51ADD0026D62D /* Info.plist */,
				B9A6CB6D25F51ADD0026D62D /* Preview Content */,
			);
			path = myApp;
			sourceTree = "<group>";
		};
		B9A6CB6D25F51ADD0026D62D /* Preview Content */ = {
			isa = PBXGroup;
			children = (
				B9A6CB6E25F51ADD0026D62D /* Preview Assets.xcassets */,
			);
			path = "Preview Content";
			sourceTree = "<group>";
		};
		B9A6CB7825F51ADD0026D62D /* myAppTests */ = {
			isa = PBXGroup;
			children = (
				B9A6CB7925F51ADD0026D62D /* myAppTests.swift */,
				B9A6CB7B25F51ADD0026D62D /* Info.plist */,
			);
			path = myAppTests;
			sourceTree = "<group>";
		};
		B9A6CB8325F51ADD0026D62D /* myAppUITests */ = {
			isa = PBXGroup;
			children = (
				B9A6CB8425F51ADD0026D62D /* myAppUITests.swift */,
				B9A6CB8625F51ADD0026D62D /* Info.plist */,
			);
			path = myAppUITests;
			sourceTree = "<group>";
		};
/* End PBXGroup section */

/* Begin PBXNativeTarget section */
		B9A6CB6325F51ADB0026D62D /* myApp */ = {
			isa = PBXNativeTarget;
			buildConfigurationList = B9A6CB8925F51ADD0026D62D /* Build configuration list for PBXNativeTarget "myApp" */;
			buildPhases = (
				B9A6CB6025F51ADB0026D62D /* Sources */,
				B9A6CB6125F51ADB0026D62D /* Frameworks */,
				B9A6CB6225F51ADB0026D62D /* Resources */,
			);
			buildRules = (
			);
			dependencies = (
			);
			name = myApp;
			productName = myApp;
			productReference = B9A6CB6425F51ADB0026D62D /* myApp.app */;
			productType = "com.apple.product-type.application";
		};
		B9A6CB7425F51ADD0026D62D /* myAppTests */ = {
			isa = PBXNativeTarget;
			buildConfigurationList = B9A6CB8C25F51ADD0026D62D /* Build configuration list for PBXNativeTarget "myAppTests" */;
			buildPhases = (
				B9A6CB7125F51ADD0026D62D /* Sources */,
				B9A6CB7225F51ADD0026D62D /* Frameworks */,
				B9A6CB7325F51ADD0026D62D /* Resources */,
			);
			buildRules = (
			);
			dependencies = (
				B9A6CB7725F51ADD0026D62D /* PBXTargetDependency */,
			);
			name = myAppTests;
			productName = myAppTests;
			productReference = B9A6CB7525F51ADD0026D62D /* myAppTests.xctest */;
			productType = "com.apple.product-type.bundle.unit-test";
		};
		B9A6CB7F25F51ADD0026D62D /* myAppUITests */ = {
			isa = PBXNativeTarget;
			buildConfigurationList = B9A6CB8F25F51ADD0026D62D /* Build configuration list for PBXNativeTarget "myAppUITests" */;
			buildPhases = (
				B9A6CB7C25F51ADD0026D62D /* Sources */,
				B9A6CB7D25F51ADD0026D62D /* Frameworks */,
				B9A6CB7E25F51ADD0026D62D /* Resources */,
			);
			buildRules = (
			);
			dependencies = (
				B9A6CB8225F51ADD0026D62D /* PBXTargetDependency */,
			);
			name = myAppUITests;
			productName = myAppUITests;
			productReference = B9A6CB8025F51ADD0026D62D /* myAppUITests.xctest */;
			productType = "com.apple.product-type.bundle.ui-testing";
		};
/* End PBXNativeTarget section */

/* Begin PBXProject section */
		B9A6CB5C25F51ADB0026D62D /* Project object */ = {
			isa = PBXProject;
			attributes = {
				LastSwiftUpdateCheck = 1240;
				LastUpgradeCheck = 1240;
				TargetAttributes = {
					B9A6CB6325F51ADB0026D62D = {
						CreatedOnToolsVersion = 12.4;
					};
					B9A6CB7425F51ADD0026D62D = {
						CreatedOnToolsVersion = 12.4;
						TestTargetID = B9A6CB6325F51ADB0026D62D;
					};
					B9A6CB7F25F51ADD0026D62D = {
						CreatedOnToolsVersion = 12.4;
						TestTargetID = B9A6CB6325F51ADB0026D62D;
					};
				};
			};
			buildConfigurationList = B9A6CB5F25F51ADB0026D62D /* Build configuration list for PBXProject "myApp" */;
			compatibilityVersion = "Xcode 9.3";
			developmentRegion = en;
			hasScannedForEncodings = 0;
			knownRegions = (
				en,
				Base,
			);
			mainGroup = B9A6CB5B25F51ADB0026D62D;
			productRefGroup = B9A6CB6525F51ADB0026D62D /* Products */;
			projectDirPath = "";
			projectRoot = "";
			targets = (
				B9A6CB6325F51ADB0026D62D /* myApp */,
				B9A6CB7425F51ADD0026D62D /* myAppTests */,
				B9A6CB7F25F51ADD0026D62D /* myAppUITests */,
			);
		};
/* End PBXProject section */

/* Begin PBXResourcesBuildPhase section */
		B9A6CB6225F51ADB0026D62D /* Resources */ = {
			isa = PBXResourcesBuildPhase;
			buildActionMask = 2147483647;
			files = (
				B9A6CB6F25F51ADD0026D62D /* Preview Assets.xcassets in Resources */,
				B9A6CB6C25F51ADD0026D62D /* Assets.xcassets in Resources */,
			);
			runOnlyForDeploymentPostprocessing = 0;
		};
		B9A6CB7325F51ADD0026D62D /* Resources */ = {
			isa = PBXResourcesBuildPhase;
			buildActionMask = 2147483647;
			files = (
			);
			runOnlyForDeploymentPostprocessing = 0;
		};
		B9A6CB7E25F51ADD0026D62D /* Resources */ = {
			isa = PBXResourcesBuildPhase;
			buildActionMask = 2147483647;
			files = (
			);
			runOnlyForDeploymentPostprocessing = 0;
		};
/* End PBXResourcesBuildPhase section */

/* Begin PBXSourcesBuildPhase section */
		B9A6CB6025F51ADB0026D62D /* Sources */ = {
			isa = PBXSourcesBuildPhase;
			buildActionMask = 2147483647;
			files = (
				B9A6CB6A25F51ADB0026D62D /* ContentView.swift in Sources */,
				B9A6CB6825F51ADB0026D62D /* myAppApp.swift in Sources */,
			);
			runOnlyForDeploymentPostprocessing = 0;
		};
		B9A6CB7125F51ADD0026D62D /* Sources */ = {
			isa = PBXSourcesBuildPhase;
			buildActionMask = 2147483647;
			files = (
				B9A6CB7A25F51ADD0026D62D /* myAppTests.swift in Sources */,
			);
			runOnlyForDeploymentPostprocessing = 0;
		};
		B9A6CB7C25F51ADD0026D62D /* Sources */ = {
			isa = PBXSourcesBuildPhase;
			buildActionMask = 2147483647;
			files = (
				B9A6CB8525F51ADD0026D62D /* myAppUITests.swift in Sources */,
			);
			runOnlyForDeploymentPostprocessing = 0;
		};
/* End PBXSourcesBuildPhase section */

/* Begin PBXTargetDependency section */
		B9A6CB7725F51ADD0026D62D /* PBXTargetDependency */ = {
			isa = PBXTargetDependency;
			target = B9A6CB6325F51ADB0026D62D /* myApp */;
			targetProxy = B9A6CB7625F51ADD0026D62D /* PBXContainerItemProxy */;
		};
		B9A6CB8225F51ADD0026D62D /* PBXTargetDependency */ = {
			isa = PBXTargetDependency;
			target = B9A6CB6325F51ADB0026D62D /* myApp */;
			targetProxy = B9A6CB8125F51ADD0026D62D /* PBXContainerItemProxy */;
		};
/* End PBXTargetDependency section */

/* Begin XCBuildConfiguration section */
		B9A6CB8725F51ADD0026D62D /* Debug */ = {
			isa = XCBuildConfiguration;
			buildSettings = {
				ALWAYS_SEARCH_USER_PATHS = NO;
				CLANG_ANALYZER_NONNULL = YES;
				CLANG_ANALYZER_NUMBER_OBJECT_CONVERSION = YES_AGGRESSIVE;
				CLANG_CXX_LANGUAGE_STANDARD = "gnu++14";
				CLANG_CXX_LIBRARY = "libc++";
				CLANG_ENABLE_MODULES = YES;
				CLANG_ENABLE_OBJC_ARC = YES;
				CLANG_ENABLE_OBJC_WEAK = YES;
				CLANG_WARN_BLOCK_CAPTURE_AUTORELEASING = YES;
				CLANG_WARN_BOOL_CONVERSION = YES;
				CLANG_WARN_COMMA = YES;
				CLANG_WARN_CONSTANT_CONVERSION = YES;
				CLANG_WARN_DEPRECATED_OBJC_IMPLEMENTATIONS = YES;
				CLANG_WARN_DIRECT_OBJC_ISA_USAGE = YES_ERROR;
				CLANG_WARN_DOCUMENTATION_COMMENTS = YES;
				CLANG_WARN_EMPTY_BODY = YES;
				CLANG_WARN_ENUM_CONVERSION = YES;
				CLANG_WARN_INFINITE_RECURSION = YES;
				CLANG_WARN_INT_CONVERSION = YES;
				CLANG_WARN_NON_LITERAL_NULL_CONVERSION = YES;
				CLANG_WARN_OBJC_IMPLICIT_RETAIN_SELF = YES;
				CLANG_WARN_OBJC_LITERAL_CONVERSION = YES;
				CLANG_WARN_OBJC_ROOT_CLASS = YES_ERROR;
				CLANG_WARN_QUOTED_INCLUDE_IN_FRAMEWORK_HEADER = YES;
				CLANG_WARN_RANGE_LOOP_ANALYSIS = YES;
				CLANG_WARN_STRICT_PROTOTYPES = YES;
				CLANG_WARN_SUSPICIOUS_MOVE = YES;
				CLANG_WARN_UNGUARDED_AVAILABILITY = YES_AGGRESSIVE;
				CLANG_WARN_UNREACHABLE_CODE = YES;
				CLANG_WARN__DUPLICATE_METHOD_MATCH = YES;
				COPY_PHASE_STRIP = NO;
				DEBUG_INFORMATION_FORMAT = dwarf;
				ENABLE_STRICT_OBJC_MSGSEND = YES;
				ENABLE_TESTABILITY = YES;
				GCC_C_LANGUAGE_STANDARD = gnu11;
				GCC_DYNAMIC_NO_PIC = NO;
				GCC_NO_COMMON_BLOCKS = YES;
				GCC_OPTIMIZATION_LEVEL = 0;
				GCC_PREPROCESSOR_DEFINITIONS = (
					"DEBUG=1",
					"$(inherited)",
				);
				GCC_WARN_64_TO_32_BIT_CONVERSION = YES;
				GCC_WARN_ABOUT_RETURN_TYPE = YES_ERROR;
				GCC_WARN_UNDECLARED_SELECTOR = YES;
				GCC_WARN_UNINITIALIZED_AUTOS = YES_AGGRESSIVE;
				GCC_WARN_UNUSED_FUNCTION = YES;
				GCC_WARN_UNUSED_VARIABLE = YES;
				IPHONEOS_DEPLOYMENT_TARGET = 14.4;
				MTL_ENABLE_DEBUG_INFO = INCLUDE_SOURCE;
				MTL_FAST_MATH = YES;
				ONLY_ACTIVE_ARCH = YES;
				SDKROOT = iphoneos;
				SWIFT_ACTIVE_COMPILATION_CONDITIONS = DEBUG;
				SWIFT_OPTIMIZATION_LEVEL = "-Onone";
			};
			name = Debug;
		};
		B9A6CB8825F51ADD0026D62D /* Release */ = {
			isa = XCBuildConfiguration;
			buildSettings = {
				ALWAYS_SEARCH_USER_PATHS = NO;
				CLANG_ANALYZER_NONNULL = YES;
				CLANG_ANALYZER_NUMBER_OBJECT_CONVERSION = YES_AGGRESSIVE;
				CLANG_CXX_LANGUAGE_STANDARD = "gnu++14";
				CLANG_CXX_LIBRARY = "libc++";
				CLANG_ENABLE_MODULES = YES;
				CLANG_ENABLE_OBJC_ARC = YES;
				CLANG_ENABLE_OBJC_WEAK = YES;
				CLANG_WARN_BLOCK_CAPTURE_AUTORELEASING = YES;
				CLANG_WARN_BOOL_CONVERSION = YES;
				CLANG_WARN_COMMA = YES;
				CLANG_WARN_CONSTANT_CONVERSION = YES;
				CLANG_WARN_DEPRECATED_OBJC_IMPLEMENTATIONS = YES;
				CLANG_WARN_DIRECT_OBJC_ISA_USAGE = YES_ERROR;
				CLANG_WARN_DOCUMENTATION_COMMENTS = YES;
				CLANG_WARN_EMPTY_BODY = YES;
				CLANG_WARN_ENUM_CONVERSION = YES;
				CLANG_WARN_INFINITE_RECURSION = YES;
				CLANG_WARN_INT_CONVERSION = YES;
				CLANG_WARN_NON_LITERAL_NULL_CONVERSION = YES;
				CLANG_WARN_OBJC_IMPLICIT_RETAIN_SELF = YES;
				CLANG_WARN_OBJC_LITERAL_CONVERSION = YES;
				CLANG_WARN_OBJC_ROOT_CLASS = YES_ERROR;
				CLANG_WARN_QUOTED_INCLUDE_IN_FRAMEWORK_HEADER = YES;
				CLANG_WARN_RANGE_LOOP_ANALYSIS = YES;
				CLANG_WARN_STRICT_PROTOTYPES = YES;
				CLANG_WARN_SUSPICIOUS_MOVE = YES;
				CLANG_WARN_UNGUARDED_AVAILABILITY = YES_AGGRESSIVE;
				CLANG_WARN_UNREACHABLE_CODE = YES;
				CLANG_WARN__DUPLICATE_METHOD_MATCH = YES;
				COPY_PHASE_STRIP = NO;
				DEBUG_INFORMATION_FORMAT = "dwarf-with-dsym";
				ENABLE_NS_ASSERTIONS = NO;
				ENABLE_STRICT_OBJC_MSGSEND = YES;
				GCC_C_LANGUAGE_STANDARD = gnu11;
				GCC_NO_COMMON_BLOCKS = YES;
				GCC_WARN_64_TO_32_BIT_CONVERSION = YES;
				GCC_WARN_ABOUT_RETURN_TYPE = YES_ERROR;
				GCC_WARN_UNDECLARED_SELECTOR = YES;
				GCC_WARN_UNINITIALIZED_AUTOS = YES_AGGRESSIVE;
				GCC_WARN_UNUSED_FUNCTION = YES;
				GCC_WARN_UNUSED_VARIABLE = YES;
				IPHONEOS_DEPLOYMENT_TARGET = 14.4;
				MTL_ENABLE_DEBUG_INFO = NO;
				MTL_FAST_MATH = YES;
				SDKROOT = iphoneos;
				SWIFT_COMPILATION_MODE = wholemodule;
				SWIFT_OPTIMIZATION_LEVEL = "-O";
				VALIDATE_PRODUCT = YES;
			};
			name = Release;
		};
		B9A6CB8A25F51ADD0026D62D /* Debug */ = {
			isa = XCBuildConfiguration;
			buildSettings = {
				ASSETCATALOG_COMPILER_APPICON_NAME = AppIcon;
				ASSETCATALOG_COMPILER_GLOBAL_ACCENT_COLOR_NAME = AccentColor;
				CODE_SIGN_STYLE = Automatic;
				DEVELOPMENT_ASSET_PATHS = "\"myApp/Preview Content\"";
				ENABLE_PREVIEWS = YES;
				INFOPLIST_FILE = myApp/Info.plist;
				IPHONEOS_DEPLOYMENT_TARGET = 14.0;
				LD_RUNPATH_SEARCH_PATHS = (
					"$(inherited)",
					"@executable_path/Frameworks",
				);
				PRODUCT_BUNDLE_IDENTIFIER = com.sample.myApp;
				PRODUCT_NAME = "$(TARGET_NAME)";
				SWIFT_VERSION = 5.0;
				TARGETED_DEVICE_FAMILY = "1,2";
			};
			name = Debug;
		};
		B9A6CB8B25F51ADD0026D62D /* Release */ = {
			isa = XCBuildConfiguration;
			buildSettings = {
				ASSETCATALOG_COMPILER_APPICON_NAME = AppIcon;
				ASSETCATALOG_COMPILER_GLOBAL_ACCENT_COLOR_NAME = AccentColor;
				CODE_SIGN_STYLE = Automatic;
				DEVELOPMENT_ASSET_PATHS = "\"myApp/Preview Content\"";
				ENABLE_PREVIEWS = YES;
				INFOPLIST_FILE = myApp/Info.plist;
				IPHONEOS_DEPLOYMENT_TARGET = 14.0;
				LD_RUNPATH_SEARCH_PATHS = (
					"$(inherited)",
					"@executable_path/Frameworks",
				);
				PRODUCT_BUNDLE_IDENTIFIER = com.sample.myApp;
				PRODUCT_NAME = "$(TARGET_NAME)";
				SWIFT_VERSION = 5.0;
				TARGETED_DEVICE_FAMILY = "1,2";
			};
			name = Release;
		};
		B9A6CB8D25F51ADD0026D62D /* Debug */ = {
			isa = XCBuildConfiguration;
			buildSettings = {
				ALWAYS_EMBED_SWIFT_STANDARD_LIBRARIES = YES;
				BUNDLE_LOADER = "$(TEST_HOST)";
				CODE_SIGN_STYLE = Automatic;
				INFOPLIST_FILE = myAppTests/Info.plist;
				IPHONEOS_DEPLOYMENT_TARGET = 14.0;
				LD_RUNPATH_SEARCH_PATHS = (
					"$(inherited)",
					"@executable_path/Frameworks",
					"@loader_path/Frameworks",
				);
				PRODUCT_BUNDLE_IDENTIFIER = com.sample.myAppTests;
				PRODUCT_NAME = "$(TARGET_NAME)";
				SWIFT_VERSION = 5.0;
				TARGETED_DEVICE_FAMILY = "1,2";
				TEST_HOST = "$(BUILT_PRODUCTS_DIR)/myApp.app/myApp";
			};
			name = Debug;
		};
		B9A6CB8E25F51ADD0026D62D /* Release */ = {
			isa = XCBuildConfiguration;
			buildSettings = {
				ALWAYS_EMBED_SWIFT_STANDARD_LIBRARIES = YES;
				BUNDLE_LOADER = "$(TEST_HOST)";
				CODE_SIGN_STYLE = Automatic;
				INFOPLIST_FILE = myAppTests/Info.plist;
				IPHONEOS_DEPLOYMENT_TARGET = 14.0;
				LD_RUNPATH_SEARCH_PATHS = (
					"$(inherited)",
					"@executable_path/Frameworks",
					"@loader_path/Frameworks",
				);
				PRODUCT_BUNDLE_IDENTIFIER = com.sample.myAppTests;
				PRODUCT_NAME = "$(TARGET_NAME)";
				SWIFT_VERSION = 5.0;
				TARGETED_DEVICE_FAMILY = "1,2";
				TEST_HOST = "$(BUILT_PRODUCTS_DIR)/myApp.app/myApp";
			};
			name = Release;
		};
		B9A6CB9025F51ADD0026D62D /* Debug */ = {
			isa = XCBuildConfiguration;
			buildSettings = {
				ALWAYS_EMBED_SWIFT_STANDARD_LIBRARIES = YES;
				CODE_SIGN_STYLE = Automatic;
				INFOPLIST_FILE = myAppUITests/Info.plist;
				LD_RUNPATH_SEARCH_PATHS = (
					"$(inherited)",
					"@executable_path/Frameworks",
					"@loader_path/Frameworks",
				);
				PRODUCT_BUNDLE_IDENTIFIER = com.sample.myAppUITests;
				PRODUCT_NAME = "$(TARGET_NAME)";
				SWIFT_VERSION = 5.0;
				TARGETED_DEVICE_FAMILY = "1,2";
				TEST_TARGET_NAME = myApp;
			};
			name = Debug;
		};
		B9A6CB9125F51ADD0026D62D /* Release */ = {
			isa = XCBuildConfiguration;
			buildSettings = {
				ALWAYS_EMBED_SWIFT_STANDARD_LIBRARIES = YES;
				CODE_SIGN_STYLE = Automatic;
				INFOPLIST_FILE = myAppUITests/Info.plist;
				LD_RUNPATH_SEARCH_PATHS = (
					"$(inherited)",
					"@executable_path/Frameworks",
					"@loader_path/Frameworks",
				);
				PRODUCT_BUNDLE_IDENTIFIER = com.sample.myAppUITests;
				PRODUCT_NAME = "$(TARGET_NAME)";
				SWIFT_VERSION = 5.0;
				TARGETED_DEVICE_FAMILY = "1,2";
				TEST_TARGET_NAME = myApp;
			};
			name = Release;
		};
/* End XCBuildConfiguration section */

/* Begin XCConfigurationList section */
		B9A6CB5F25F51ADB0026D62D /* Build configuration list for PBXProject "myApp" */ = {
			isa = XCConfigurationList;
			buildConfigurations = (
				B9A6CB8725F51ADD0026D62D /* Debug */,
				B9A6CB8825F51ADD0026D62D /* Release */,
			);
			defaultConfigurationIsVisible = 0;
			defaultConfigurationName = Release;
		};
		B9A6CB8925F51ADD0026D62D /* Build configuration list for PBXNativeTarget "myApp" */ = {
			isa = XCConfigurationList;
			buildConfigurations = (
				B9A6CB8A25F51ADD0026D62D /* Debug */,
				B9A6CB8B25F51ADD0026D62D /* Release */,
			);
			defaultConfigurationIsVisible = 0;
			defaultConfigurationName = Release;
		};
		B9A6CB8C25F51ADD0026D62D /* Build configuration list for PBXNativeTarget "myAppTests" */ = {
			isa = XCConfigurationList;
			buildConfigurations = (
				B9A6CB8D25F51ADD0026D62D /* Debug */,
				B9A6CB8E25F51ADD0026D62D /* Release */,
			);
			defaultConfigurationIsVisible = 0;
			defaultConfigurationName = Release;
		};
		B9A6CB8F25F51ADD0026D62D /* Build configuration list for PBXNativeTarget "myAppUITests" */ = {
			isa = XCConfigurationList;
			buildConfigurations = (
				B9A6CB9025F51ADD0026D62D /* Debug */,
				B9A6CB9125F51ADD0026D62D /* Release */,
			);
			defaultConfigurationIsVisible = 0;
			defaultConfigurationName = Release;
		};
/* End XCConfigurationList section */
	};
	rootObject = B9A6CB5C25F51ADB0026D62D /* Project object */;
}
